
Microsoft Visual Studio Solution File, Format Version 12.00
# Visual Studio 2012
Project("{FAE04EC0-301F-11D3-BF4B-00C04F79EFBC}") = "Business", "Business\Business.csproj", "{8C7AC284-B8A6-45E8-B581-A081BEBE2743}"
EndProject
Project("{FAE04EC0-301F-11D3-BF4B-00C04F79EFBC}") = "Api", "Api\Api.csproj", "{07C4FC10-F5C4-4F37-8346-BB11E4436BE5}"
EndProject
Project("{FAE04EC0-301F-11D3-BF4B-00C04F79EFBC}") = "Contract", "Contract\Contract.csproj", "{4D8C9790-328B-4FDB-B0FC-8EAE6103FF7B}"
EndProject
Project("{FAE04EC0-301F-11D3-BF4B-00C04F79EFBC}") = "Repository", "Repository\Repository.csproj", "{51DC586A-E0C4-4435-90D0-84079742D839}"
EndProject
Project("{FAE04EC0-301F-11D3-BF4B-00C04F79EFBC}") = "Wach", "Wach\Wach.csproj", "{C7398AE1-B85E-467D-99CC-C06D4A7118D0}"
EndProject
Project("{FAE04EC0-301F-11D3-BF4B-00C04F79EFBC}") = "UserForms", "UserForms\UserForms.csproj", "{4A747832-5C53-4B88-8646-C0E86D769014}"
EndProject
Project("{FAE04EC0-301F-11D3-BF4B-00C04F79EFBC}") = "SitioPrueba", "SitioPrueba\SitioPrueba.csproj", "{9290EF37-12EE-45C1-8806-54CD43AB2A33}"
EndProject
Global
	GlobalSection(SolutionConfigurationPlatforms) = preSolution
		Debug|Any CPU = Debug|Any CPU
		Release|Any CPU = Release|Any CPU
	EndGlobalSection
	GlobalSection(ProjectConfigurationPlatforms) = postSolution
		{8C7AC284-B8A6-45E8-B581-A081BEBE2743}.Debug|Any CPU.ActiveCfg = Debug|Any CPU
		{8C7AC284-B8A6-45E8-B581-A081BEBE2743}.Debug|Any CPU.Build.0 = Debug|Any CPU
		{8C7AC284-B8A6-45E8-B581-A081BEBE2743}.Release|Any CPU.ActiveCfg = Release|Any CPU
		{8C7AC284-B8A6-45E8-B581-A081BEBE2743}.Release|Any CPU.Build.0 = Release|Any CPU
		{07C4FC10-F5C4-4F37-8346-BB11E4436BE5}.Debug|Any CPU.ActiveCfg = Debug|Any CPU
		{07C4FC10-F5C4-4F37-8346-BB11E4436BE5}.Debug|Any CPU.Build.0 = Debug|Any CPU
		{07C4FC10-F5C4-4F37-8346-BB11E4436BE5}.Release|Any CPU.ActiveCfg = Release|Any CPU
		{07C4FC10-F5C4-4F37-8346-BB11E4436BE5}.Release|Any CPU.Build.0 = Release|Any CPU
		{4D8C9790-328B-4FDB-B0FC-8EAE6103FF7B}.Debug|Any CPU.ActiveCfg = Debug|Any CPU
		{4D8C9790-328B-4FDB-B0FC-8EAE6103FF7B}.Debug|Any CPU.Build.0 = Debug|Any CPU
		{4D8C9790-328B-4FDB-B0FC-8EAE6103FF7B}.Release|Any CPU.ActiveCfg = Release|Any CPU
		{4D8C9790-328B-4FDB-B0FC-8EAE6103FF7B}.Release|Any CPU.Build.0 = Release|Any CPU
		{51DC586A-E0C4-4435-90D0-84079742D839}.Debug|Any CPU.ActiveCfg = Debug|Any CPU
		{51DC586A-E0C4-4435-90D0-84079742D839}.Debug|Any CPU.Build.0 = Debug|Any CPU
		{51DC586A-E0C4-4435-90D0-84079742D839}.Release|Any CPU.ActiveCfg = Release|Any CPU
		{51DC586A-E0C4-4435-90D0-84079742D839}.Release|Any CPU.Build.0 = Release|Any CPU
		{C7398AE1-B85E-467D-99CC-C06D4A7118D0}.Debug|Any CPU.ActiveCfg = Debug|Any CPU
		{C7398AE1-B85E-467D-99CC-C06D4A7118D0}.Debug|Any CPU.Build.0 = Debug|Any CPU
		{C7398AE1-B85E-467D-99CC-C06D4A7118D0}.Release|Any CPU.ActiveCfg = Release|Any CPU
		{C7398AE1-B85E-467D-99CC-C06D4A7118D0}.Release|Any CPU.Build.0 = Release|Any CPU
		{4A747832-5C53-4B88-8646-C0E86D769014}.Debug|Any CPU.ActiveCfg = Debug|Any CPU
		{4A747832-5C53-4B88-8646-C0E86D769014}.Debug|Any CPU.Build.0 = Debug|Any CPU
		{4A747832-5C53-4B88-8646-C0E86D769014}.Release|Any CPU.ActiveCfg = Release|Any CPU
		{4A747832-5C53-4B88-8646-C0E86D769014}.Release|Any CPU.Build.0 = Release|Any CPU
		{9290EF37-12EE-45C1-8806-54CD43AB2A33}.Debug|Any CPU.ActiveCfg = Debug|Any CPU
		{9290EF37-12EE-45C1-8806-54CD43AB2A33}.Debug|Any CPU.Build.0 = Debug|Any CPU
		{9290EF37-12EE-45C1-8806-54CD43AB2A33}.Release|Any CPU.ActiveCfg = Release|Any CPU
		{9290EF37-12EE-45C1-8806-54CD43AB2A33}.Release|Any CPU.Build.0 = Release|Any CPU
	EndGlobalSection
	GlobalSection(SolutionProperties) = preSolution
		HideSolutionNode = FALSE
	EndGlobalSection
EndGlobal
